
Microsoft Visual Studio Solution File, Format Version 12.00
# Visual Studio 15
VisualStudioVersion = 15.0.26430.14
MinimumVisualStudioVersion = 10.0.40219.1
Project("{FAE04EC0-301F-11D3-BF4B-00C04F79EFBC}") = "Gardenly.Api", "Gardenly.Api\Gardenly.Api.csproj", "{83B65B0D-11C4-403E-8880-BD4FECAD991A}"
EndProject
Project("{FAE04EC0-301F-11D3-BF4B-00C04F79EFBC}") = "Gardenly.Domain", "Gardenly.Domain\Gardenly.Domain.csproj", "{784A13D1-3485-4A40-94C9-5A0C0A3B64FD}"
EndProject
Project("{FAE04EC0-301F-11D3-BF4B-00C04F79EFBC}") = "Gardenly.Services", "Gardenly.Services\Gardenly.Services.csproj", "{736DD1C3-3B74-43C4-86E9-D769A64EE75D}"
EndProject
Project("{FAE04EC0-301F-11D3-BF4B-00C04F79EFBC}") = "Gardenly.Repository", "Gardenly.Repository\Gardenly.Repository.csproj", "{A9866CE0-E0E6-44EA-851C-9D42A33DED06}"
EndProject
Project("{FAE04EC0-301F-11D3-BF4B-00C04F79EFBC}") = "Gardenly.Test", "Gardenly.Test\Gardenly.Test.csproj", "{D96403E5-BB3F-453C-9859-67D719B0AD97}"
EndProject
Global
	GlobalSection(SolutionConfigurationPlatforms) = preSolution
		Debug|Any CPU = Debug|Any CPU
		Release|Any CPU = Release|Any CPU
	EndGlobalSection
	GlobalSection(ProjectConfigurationPlatforms) = postSolution
		{83B65B0D-11C4-403E-8880-BD4FECAD991A}.Debug|Any CPU.ActiveCfg = Debug|Any CPU
		{83B65B0D-11C4-403E-8880-BD4FECAD991A}.Debug|Any CPU.Build.0 = Debug|Any CPU
		{83B65B0D-11C4-403E-8880-BD4FECAD991A}.Release|Any CPU.ActiveCfg = Release|Any CPU
		{83B65B0D-11C4-403E-8880-BD4FECAD991A}.Release|Any CPU.Build.0 = Release|Any CPU
		{784A13D1-3485-4A40-94C9-5A0C0A3B64FD}.Debug|Any CPU.ActiveCfg = Debug|Any CPU
		{784A13D1-3485-4A40-94C9-5A0C0A3B64FD}.Debug|Any CPU.Build.0 = Debug|Any CPU
		{784A13D1-3485-4A40-94C9-5A0C0A3B64FD}.Release|Any CPU.ActiveCfg = Release|Any CPU
		{784A13D1-3485-4A40-94C9-5A0C0A3B64FD}.Release|Any CPU.Build.0 = Release|Any CPU
		{736DD1C3-3B74-43C4-86E9-D769A64EE75D}.Debug|Any CPU.ActiveCfg = Debug|Any CPU
		{736DD1C3-3B74-43C4-86E9-D769A64EE75D}.Debug|Any CPU.Build.0 = Debug|Any CPU
		{736DD1C3-3B74-43C4-86E9-D769A64EE75D}.Release|Any CPU.ActiveCfg = Release|Any CPU
		{736DD1C3-3B74-43C4-86E9-D769A64EE75D}.Release|Any CPU.Build.0 = Release|Any CPU
		{A9866CE0-E0E6-44EA-851C-9D42A33DED06}.Debug|Any CPU.ActiveCfg = Debug|Any CPU
		{A9866CE0-E0E6-44EA-851C-9D42A33DED06}.Debug|Any CPU.Build.0 = Debug|Any CPU
		{A9866CE0-E0E6-44EA-851C-9D42A33DED06}.Release|Any CPU.ActiveCfg = Release|Any CPU
		{A9866CE0-E0E6-44EA-851C-9D42A33DED06}.Release|Any CPU.Build.0 = Release|Any CPU
		{D96403E5-BB3F-453C-9859-67D719B0AD97}.Debug|Any CPU.ActiveCfg = Debug|Any CPU
		{D96403E5-BB3F-453C-9859-67D719B0AD97}.Debug|Any CPU.Build.0 = Debug|Any CPU
		{D96403E5-BB3F-453C-9859-67D719B0AD97}.Release|Any CPU.ActiveCfg = Release|Any CPU
		{D96403E5-BB3F-453C-9859-67D719B0AD97}.Release|Any CPU.Build.0 = Release|Any CPU
	EndGlobalSection
	GlobalSection(SolutionProperties) = preSolution
		HideSolutionNode = FALSE
	EndGlobalSection
EndGlobal
